
Microsoft Visual Studio Solution File, Format Version 12.00
# Visual Studio Version 17
VisualStudioVersion = 17.8.34309.116
MinimumVisualStudioVersion = 10.0.40219.1
Project("{FAE04EC0-301F-11D3-BF4B-00C04F79EFBC}") = "PatternsExample", "PatternsExample\PatternsExample.csproj", "{5F0BDCAD-4413-4F99-9CCF-1A26EF36BDE3}"
EndProject
Global
	GlobalSection(SolutionConfigurationPlatforms) = preSolution
		Debug|Any CPU = Debug|Any CPU
		Release|Any CPU = Release|Any CPU
	EndGlobalSection
	GlobalSection(ProjectConfigurationPlatforms) = postSolution
		{5F0BDCAD-4413-4F99-9CCF-1A26EF36BDE3}.Debug|Any CPU.ActiveCfg = Debug|Any CPU
		{5F0BDCAD-4413-4F99-9CCF-1A26EF36BDE3}.Debug|Any CPU.Build.0 = Debug|Any CPU
		{5F0BDCAD-4413-4F99-9CCF-1A26EF36BDE3}.Release|Any CPU.ActiveCfg = Release|Any CPU
		{5F0BDCAD-4413-4F99-9CCF-1A26EF36BDE3}.Release|Any CPU.Build.0 = Release|Any CPU
	EndGlobalSection
	GlobalSection(SolutionProperties) = preSolution
		HideSolutionNode = FALSE
	EndGlobalSection
	GlobalSection(ExtensibilityGlobals) = postSolution
		SolutionGuid = {7E930062-E941-429A-B7CF-8B5728F8A168}
	EndGlobalSection
EndGlobal
